
Microsoft Visual Studio Solution File, Format Version 12.00
# Visual Studio Version 17
VisualStudioVersion = 17.11.35303.130
MinimumVisualStudioVersion = 10.0.40219.1
Project("{2150E333-8FDC-42A3-9474-1A3956D46DE8}") = "src", "src", "{1A0B7CFA-0DC2-469F-8FE5-134034B19C7C}"
EndProject
Project("{2150E333-8FDC-42A3-9474-1A3956D46DE8}") = "tests", "tests", "{E82FEE91-D8CD-4B3C-A1AD-8917CC85DAA6}"
EndProject
Project("{2150E333-8FDC-42A3-9474-1A3956D46DE8}") = "docs", "docs", "{D2BF90E0-36D0-4C25-916A-F1D2A540537B}"
EndProject
Project("{2150E333-8FDC-42A3-9474-1A3956D46DE8}") = "Core", "Core", "{934A7E09-D320-46DE-B13F-715F13EF1459}"
EndProject
Project("{2150E333-8FDC-42A3-9474-1A3956D46DE8}") = "Infrastructure", "Infrastructure", "{7D74CB2B-1280-4920-9DC1-563C6C0E942C}"
EndProject
Project("{2150E333-8FDC-42A3-9474-1A3956D46DE8}") = "Api", "Api", "{074ED188-FB88-4809-8DE9-4D7C500CEDCD}"
EndProject
Project("{2150E333-8FDC-42A3-9474-1A3956D46DE8}") = "Presentation", "Presentation", "{FB2C76D9-630F-4570-A79A-65D70A9180F5}"
EndProject
Project("{9A19103F-16F7-4668-BE54-9A1E7A4F7556}") = "Domain", "src\Core\Domain\Domain.csproj", "{C339A916-9C3B-4D3E-8EB6-0DC0734C4158}"
EndProject
Project("{2150E333-8FDC-42A3-9474-1A3956D46DE8}") = "Frameworks", "Frameworks", "{80AB33E6-A0BA-44BC-AD5E-B442D67129E0}"
EndProject
Project("{9A19103F-16F7-4668-BE54-9A1E7A4F7556}") = "Constants", "src\Core\Constants\Constants.csproj", "{7D4D775A-58BE-495D-A358-2F41D1EC7EF0}"
EndProject
Project("{9A19103F-16F7-4668-BE54-9A1E7A4F7556}") = "Resources", "src\Core\Resources\Resources.csproj", "{B5926BDC-932C-4EFB-8374-4FCD4BC63027}"
EndProject
Project("{9A19103F-16F7-4668-BE54-9A1E7A4F7556}") = "Persistence", "src\Infrastructure\Persistence\Persistence.csproj", "{CF9172B2-5564-4BB1-B8A1-D1E40E8749B2}"
EndProject
Project("{9A19103F-16F7-4668-BE54-9A1E7A4F7556}") = "Application", "src\Infrastructure\Application\Application.csproj", "{9536DECA-266B-4A88-93D6-62C34147A5D2}"
EndProject
Project("{9A19103F-16F7-4668-BE54-9A1E7A4F7556}") = "ViewModels", "src\Infrastructure\ViewModels\ViewModels.csproj", "{4CA99871-D4FC-4AE4-8DFB-ECF4BB43741D}"
EndProject
Project("{9A19103F-16F7-4668-BE54-9A1E7A4F7556}") = "Admin.MVC", "src\Presentation\Admin.MVC\Admin.MVC.csproj", "{DFE20B09-A91A-4499-8E1D-E40C4A58B1E6}"
EndProject
Project("{2150E333-8FDC-42A3-9474-1A3956D46DE8}") = "Domain", "Domain", "{6D92556C-E0CD-4D5C-9D83-BC14C428FB97}"
EndProject
Project("{2150E333-8FDC-42A3-9474-1A3956D46DE8}") = "Application", "Application", "{6DE81DB3-1F2A-4DFE-A2BF-DE9BDA50F410}"
EndProject
Project("{2150E333-8FDC-42A3-9474-1A3956D46DE8}") = "Persistance", "Persistance", "{F784D878-F819-467E-8637-AF4790AB1D53}"
EndProject
Project("{9A19103F-16F7-4668-BE54-9A1E7A4F7556}") = "Common", "src\Frameworks\Common\Common.csproj", "{AF03C5E9-38DD-4836-84A8-9868557AC6D9}"
EndProject
Project("{9A19103F-16F7-4668-BE54-9A1E7A4F7556}") = "Logging", "src\Frameworks\Logging\Logging.csproj", "{9C3192AA-2CFE-4421-BA95-20CC6BDA5DE3}"
EndProject
Project("{9A19103F-16F7-4668-BE54-9A1E7A4F7556}") = "Api", "src\Api\Api.csproj", "{B44397C1-415B-44C0-B6E5-B0996F8B118A}"
EndProject
Project("{9A19103F-16F7-4668-BE54-9A1E7A4F7556}") = "Application.UnitTest", "tests\Application\Application.UnitTest\Application.UnitTest.csproj", "{9D45A4EB-705A-4E36-BC80-8E71C11E2483}"
EndProject
Project("{9A19103F-16F7-4668-BE54-9A1E7A4F7556}") = "Domain.UnitTest", "tests\Domain\Domain.UnitTest\Domain.UnitTest.csproj", "{7820EA39-F715-4B5F-8882-DCAAACB4446C}"
EndProject
Project("{9A19103F-16F7-4668-BE54-9A1E7A4F7556}") = "Persistance.UnitTest", "tests\Persistance\Persistance.UnitTest\Persistance.UnitTest.csproj", "{6E01F493-665B-4182-B21E-F27638BF3985}"
EndProject
Project("{9A19103F-16F7-4668-BE54-9A1E7A4F7556}") = "RNX", "src\Frameworks\RNX\RNX.csproj", "{D7DEE7DC-4A9F-4D8A-BBA9-3B0C069DADE5}"
EndProject
Project("{FAE04EC0-301F-11D3-BF4B-00C04F79EFBC}") = "Enums", "src\Core\Enums\Enums.csproj", "{4A868269-4E0F-4B7C-8D65-92BA459AFC65}"
EndProject
Global
	GlobalSection(SolutionConfigurationPlatforms) = preSolution
		Debug|Any CPU = Debug|Any CPU
		Release|Any CPU = Release|Any CPU
	EndGlobalSection
	GlobalSection(ProjectConfigurationPlatforms) = postSolution
		{C339A916-9C3B-4D3E-8EB6-0DC0734C4158}.Debug|Any CPU.ActiveCfg = Debug|Any CPU
		{C339A916-9C3B-4D3E-8EB6-0DC0734C4158}.Debug|Any CPU.Build.0 = Debug|Any CPU
		{C339A916-9C3B-4D3E-8EB6-0DC0734C4158}.Release|Any CPU.ActiveCfg = Release|Any CPU
		{C339A916-9C3B-4D3E-8EB6-0DC0734C4158}.Release|Any CPU.Build.0 = Release|Any CPU
		{7D4D775A-58BE-495D-A358-2F41D1EC7EF0}.Debug|Any CPU.ActiveCfg = Debug|Any CPU
		{7D4D775A-58BE-495D-A358-2F41D1EC7EF0}.Debug|Any CPU.Build.0 = Debug|Any CPU
		{7D4D775A-58BE-495D-A358-2F41D1EC7EF0}.Release|Any CPU.ActiveCfg = Release|Any CPU
		{7D4D775A-58BE-495D-A358-2F41D1EC7EF0}.Release|Any CPU.Build.0 = Release|Any CPU
		{B5926BDC-932C-4EFB-8374-4FCD4BC63027}.Debug|Any CPU.ActiveCfg = Debug|Any CPU
		{B5926BDC-932C-4EFB-8374-4FCD4BC63027}.Debug|Any CPU.Build.0 = Debug|Any CPU
		{B5926BDC-932C-4EFB-8374-4FCD4BC63027}.Release|Any CPU.ActiveCfg = Release|Any CPU
		{B5926BDC-932C-4EFB-8374-4FCD4BC63027}.Release|Any CPU.Build.0 = Release|Any CPU
		{CF9172B2-5564-4BB1-B8A1-D1E40E8749B2}.Debug|Any CPU.ActiveCfg = Debug|Any CPU
		{CF9172B2-5564-4BB1-B8A1-D1E40E8749B2}.Debug|Any CPU.Build.0 = Debug|Any CPU
		{CF9172B2-5564-4BB1-B8A1-D1E40E8749B2}.Release|Any CPU.ActiveCfg = Release|Any CPU
		{CF9172B2-5564-4BB1-B8A1-D1E40E8749B2}.Release|Any CPU.Build.0 = Release|Any CPU
		{9536DECA-266B-4A88-93D6-62C34147A5D2}.Debug|Any CPU.ActiveCfg = Debug|Any CPU
		{9536DECA-266B-4A88-93D6-62C34147A5D2}.Debug|Any CPU.Build.0 = Debug|Any CPU
		{9536DECA-266B-4A88-93D6-62C34147A5D2}.Release|Any CPU.ActiveCfg = Release|Any CPU
		{9536DECA-266B-4A88-93D6-62C34147A5D2}.Release|Any CPU.Build.0 = Release|Any CPU
		{4CA99871-D4FC-4AE4-8DFB-ECF4BB43741D}.Debug|Any CPU.ActiveCfg = Debug|Any CPU
		{4CA99871-D4FC-4AE4-8DFB-ECF4BB43741D}.Debug|Any CPU.Build.0 = Debug|Any CPU
		{4CA99871-D4FC-4AE4-8DFB-ECF4BB43741D}.Release|Any CPU.ActiveCfg = Release|Any CPU
		{4CA99871-D4FC-4AE4-8DFB-ECF4BB43741D}.Release|Any CPU.Build.0 = Release|Any CPU
		{DFE20B09-A91A-4499-8E1D-E40C4A58B1E6}.Debug|Any CPU.ActiveCfg = Debug|Any CPU
		{DFE20B09-A91A-4499-8E1D-E40C4A58B1E6}.Debug|Any CPU.Build.0 = Debug|Any CPU
		{DFE20B09-A91A-4499-8E1D-E40C4A58B1E6}.Release|Any CPU.ActiveCfg = Release|Any CPU
		{DFE20B09-A91A-4499-8E1D-E40C4A58B1E6}.Release|Any CPU.Build.0 = Release|Any CPU
		{AF03C5E9-38DD-4836-84A8-9868557AC6D9}.Debug|Any CPU.ActiveCfg = Debug|Any CPU
		{AF03C5E9-38DD-4836-84A8-9868557AC6D9}.Debug|Any CPU.Build.0 = Debug|Any CPU
		{AF03C5E9-38DD-4836-84A8-9868557AC6D9}.Release|Any CPU.ActiveCfg = Release|Any CPU
		{AF03C5E9-38DD-4836-84A8-9868557AC6D9}.Release|Any CPU.Build.0 = Release|Any CPU
		{9C3192AA-2CFE-4421-BA95-20CC6BDA5DE3}.Debug|Any CPU.ActiveCfg = Debug|Any CPU
		{9C3192AA-2CFE-4421-BA95-20CC6BDA5DE3}.Debug|Any CPU.Build.0 = Debug|Any CPU
		{9C3192AA-2CFE-4421-BA95-20CC6BDA5DE3}.Release|Any CPU.ActiveCfg = Release|Any CPU
		{9C3192AA-2CFE-4421-BA95-20CC6BDA5DE3}.Release|Any CPU.Build.0 = Release|Any CPU
		{B44397C1-415B-44C0-B6E5-B0996F8B118A}.Debug|Any CPU.ActiveCfg = Debug|Any CPU
		{B44397C1-415B-44C0-B6E5-B0996F8B118A}.Debug|Any CPU.Build.0 = Debug|Any CPU
		{B44397C1-415B-44C0-B6E5-B0996F8B118A}.Release|Any CPU.ActiveCfg = Release|Any CPU
		{B44397C1-415B-44C0-B6E5-B0996F8B118A}.Release|Any CPU.Build.0 = Release|Any CPU
		{9D45A4EB-705A-4E36-BC80-8E71C11E2483}.Debug|Any CPU.ActiveCfg = Debug|Any CPU
		{9D45A4EB-705A-4E36-BC80-8E71C11E2483}.Debug|Any CPU.Build.0 = Debug|Any CPU
		{9D45A4EB-705A-4E36-BC80-8E71C11E2483}.Release|Any CPU.ActiveCfg = Release|Any CPU
		{9D45A4EB-705A-4E36-BC80-8E71C11E2483}.Release|Any CPU.Build.0 = Release|Any CPU
		{7820EA39-F715-4B5F-8882-DCAAACB4446C}.Debug|Any CPU.ActiveCfg = Debug|Any CPU
		{7820EA39-F715-4B5F-8882-DCAAACB4446C}.Debug|Any CPU.Build.0 = Debug|Any CPU
		{7820EA39-F715-4B5F-8882-DCAAACB4446C}.Release|Any CPU.ActiveCfg = Release|Any CPU
		{7820EA39-F715-4B5F-8882-DCAAACB4446C}.Release|Any CPU.Build.0 = Release|Any CPU
		{6E01F493-665B-4182-B21E-F27638BF3985}.Debug|Any CPU.ActiveCfg = Debug|Any CPU
		{6E01F493-665B-4182-B21E-F27638BF3985}.Debug|Any CPU.Build.0 = Debug|Any CPU
		{6E01F493-665B-4182-B21E-F27638BF3985}.Release|Any CPU.ActiveCfg = Release|Any CPU
		{6E01F493-665B-4182-B21E-F27638BF3985}.Release|Any CPU.Build.0 = Release|Any CPU
		{D7DEE7DC-4A9F-4D8A-BBA9-3B0C069DADE5}.Debug|Any CPU.ActiveCfg = Debug|Any CPU
		{D7DEE7DC-4A9F-4D8A-BBA9-3B0C069DADE5}.Debug|Any CPU.Build.0 = Debug|Any CPU
		{D7DEE7DC-4A9F-4D8A-BBA9-3B0C069DADE5}.Release|Any CPU.ActiveCfg = Release|Any CPU
		{D7DEE7DC-4A9F-4D8A-BBA9-3B0C069DADE5}.Release|Any CPU.Build.0 = Release|Any CPU
		{4A868269-4E0F-4B7C-8D65-92BA459AFC65}.Debug|Any CPU.ActiveCfg = Debug|Any CPU
		{4A868269-4E0F-4B7C-8D65-92BA459AFC65}.Debug|Any CPU.Build.0 = Debug|Any CPU
		{4A868269-4E0F-4B7C-8D65-92BA459AFC65}.Release|Any CPU.ActiveCfg = Release|Any CPU
		{4A868269-4E0F-4B7C-8D65-92BA459AFC65}.Release|Any CPU.Build.0 = Release|Any CPU
	EndGlobalSection
	GlobalSection(SolutionProperties) = preSolution
		HideSolutionNode = FALSE
	EndGlobalSection
	GlobalSection(NestedProjects) = preSolution
		{934A7E09-D320-46DE-B13F-715F13EF1459} = {1A0B7CFA-0DC2-469F-8FE5-134034B19C7C}
		{7D74CB2B-1280-4920-9DC1-563C6C0E942C} = {1A0B7CFA-0DC2-469F-8FE5-134034B19C7C}
		{074ED188-FB88-4809-8DE9-4D7C500CEDCD} = {1A0B7CFA-0DC2-469F-8FE5-134034B19C7C}
		{FB2C76D9-630F-4570-A79A-65D70A9180F5} = {1A0B7CFA-0DC2-469F-8FE5-134034B19C7C}
		{C339A916-9C3B-4D3E-8EB6-0DC0734C4158} = {934A7E09-D320-46DE-B13F-715F13EF1459}
		{80AB33E6-A0BA-44BC-AD5E-B442D67129E0} = {1A0B7CFA-0DC2-469F-8FE5-134034B19C7C}
		{7D4D775A-58BE-495D-A358-2F41D1EC7EF0} = {934A7E09-D320-46DE-B13F-715F13EF1459}
		{B5926BDC-932C-4EFB-8374-4FCD4BC63027} = {934A7E09-D320-46DE-B13F-715F13EF1459}
		{CF9172B2-5564-4BB1-B8A1-D1E40E8749B2} = {7D74CB2B-1280-4920-9DC1-563C6C0E942C}
		{9536DECA-266B-4A88-93D6-62C34147A5D2} = {7D74CB2B-1280-4920-9DC1-563C6C0E942C}
		{4CA99871-D4FC-4AE4-8DFB-ECF4BB43741D} = {7D74CB2B-1280-4920-9DC1-563C6C0E942C}
		{DFE20B09-A91A-4499-8E1D-E40C4A58B1E6} = {FB2C76D9-630F-4570-A79A-65D70A9180F5}
		{6D92556C-E0CD-4D5C-9D83-BC14C428FB97} = {E82FEE91-D8CD-4B3C-A1AD-8917CC85DAA6}
		{6DE81DB3-1F2A-4DFE-A2BF-DE9BDA50F410} = {E82FEE91-D8CD-4B3C-A1AD-8917CC85DAA6}
		{F784D878-F819-467E-8637-AF4790AB1D53} = {E82FEE91-D8CD-4B3C-A1AD-8917CC85DAA6}
		{AF03C5E9-38DD-4836-84A8-9868557AC6D9} = {80AB33E6-A0BA-44BC-AD5E-B442D67129E0}
		{9C3192AA-2CFE-4421-BA95-20CC6BDA5DE3} = {80AB33E6-A0BA-44BC-AD5E-B442D67129E0}
		{B44397C1-415B-44C0-B6E5-B0996F8B118A} = {074ED188-FB88-4809-8DE9-4D7C500CEDCD}
		{9D45A4EB-705A-4E36-BC80-8E71C11E2483} = {6DE81DB3-1F2A-4DFE-A2BF-DE9BDA50F410}
		{7820EA39-F715-4B5F-8882-DCAAACB4446C} = {6D92556C-E0CD-4D5C-9D83-BC14C428FB97}
		{6E01F493-665B-4182-B21E-F27638BF3985} = {F784D878-F819-467E-8637-AF4790AB1D53}
		{D7DEE7DC-4A9F-4D8A-BBA9-3B0C069DADE5} = {80AB33E6-A0BA-44BC-AD5E-B442D67129E0}
		{4A868269-4E0F-4B7C-8D65-92BA459AFC65} = {934A7E09-D320-46DE-B13F-715F13EF1459}
	EndGlobalSection
	GlobalSection(ExtensibilityGlobals) = postSolution
		SolutionGuid = {19C4F60E-A67A-4F08-8481-C3FEDF3FADB0}
	EndGlobalSection
EndGlobal
